
Microsoft Visual Studio Solution File, Format Version 12.00
# Visual Studio Version 16
VisualStudioVersion = 16.0.29728.190
MinimumVisualStudioVersion = 10.0.40219.1
Project("{9A19103F-16F7-4668-BE54-9A1E7A4F7556}") = "WebShop", "WebShop\WebShop.csproj", "{CB45F786-965C-4C6F-A68C-05C08CBD31EC}"
EndProject
Project("{9A19103F-16F7-4668-BE54-9A1E7A4F7556}") = "Logic", "Logic\Logic.csproj", "{5EE8BB64-70F1-4F32-AC5D-6CE3F4BEEF72}"
EndProject
Project("{9A19103F-16F7-4668-BE54-9A1E7A4F7556}") = "LogicInterfaces", "LogicInterfaces\LogicInterfaces.csproj", "{39D55961-ABE0-4A39-9E99-2AC82D40DE67}"
EndProject
Project("{9A19103F-16F7-4668-BE54-9A1E7A4F7556}") = "Data", "Data\Data.csproj", "{C7EBC835-1594-498C-8F67-21A62C51BE53}"
EndProject
Project("{9A19103F-16F7-4668-BE54-9A1E7A4F7556}") = "DataInterfaces", "DataInterfaces\DataInterfaces.csproj", "{7253B993-4C09-4086-B2E2-5BF9FFB73440}"
EndProject
Project("{FAE04EC0-301F-11D3-BF4B-00C04F79EFBC}") = "WebShopLogicTests", "WebShopLogicTests\WebShopLogicTests.csproj", "{E6129B76-A12F-47B9-8E81-76C630F20C66}"
EndProject
Global
	GlobalSection(SolutionConfigurationPlatforms) = preSolution
		Debug|Any CPU = Debug|Any CPU
		Release|Any CPU = Release|Any CPU
	EndGlobalSection
	GlobalSection(ProjectConfigurationPlatforms) = postSolution
		{CB45F786-965C-4C6F-A68C-05C08CBD31EC}.Debug|Any CPU.ActiveCfg = Debug|Any CPU
		{CB45F786-965C-4C6F-A68C-05C08CBD31EC}.Debug|Any CPU.Build.0 = Debug|Any CPU
		{CB45F786-965C-4C6F-A68C-05C08CBD31EC}.Release|Any CPU.ActiveCfg = Release|Any CPU
		{CB45F786-965C-4C6F-A68C-05C08CBD31EC}.Release|Any CPU.Build.0 = Release|Any CPU
		{5EE8BB64-70F1-4F32-AC5D-6CE3F4BEEF72}.Debug|Any CPU.ActiveCfg = Debug|Any CPU
		{5EE8BB64-70F1-4F32-AC5D-6CE3F4BEEF72}.Debug|Any CPU.Build.0 = Debug|Any CPU
		{5EE8BB64-70F1-4F32-AC5D-6CE3F4BEEF72}.Release|Any CPU.ActiveCfg = Release|Any CPU
		{5EE8BB64-70F1-4F32-AC5D-6CE3F4BEEF72}.Release|Any CPU.Build.0 = Release|Any CPU
		{39D55961-ABE0-4A39-9E99-2AC82D40DE67}.Debug|Any CPU.ActiveCfg = Debug|Any CPU
		{39D55961-ABE0-4A39-9E99-2AC82D40DE67}.Debug|Any CPU.Build.0 = Debug|Any CPU
		{39D55961-ABE0-4A39-9E99-2AC82D40DE67}.Release|Any CPU.ActiveCfg = Release|Any CPU
		{39D55961-ABE0-4A39-9E99-2AC82D40DE67}.Release|Any CPU.Build.0 = Release|Any CPU
		{C7EBC835-1594-498C-8F67-21A62C51BE53}.Debug|Any CPU.ActiveCfg = Debug|Any CPU
		{C7EBC835-1594-498C-8F67-21A62C51BE53}.Debug|Any CPU.Build.0 = Debug|Any CPU
		{C7EBC835-1594-498C-8F67-21A62C51BE53}.Release|Any CPU.ActiveCfg = Release|Any CPU
		{C7EBC835-1594-498C-8F67-21A62C51BE53}.Release|Any CPU.Build.0 = Release|Any CPU
		{7253B993-4C09-4086-B2E2-5BF9FFB73440}.Debug|Any CPU.ActiveCfg = Debug|Any CPU
		{7253B993-4C09-4086-B2E2-5BF9FFB73440}.Debug|Any CPU.Build.0 = Debug|Any CPU
		{7253B993-4C09-4086-B2E2-5BF9FFB73440}.Release|Any CPU.ActiveCfg = Release|Any CPU
		{7253B993-4C09-4086-B2E2-5BF9FFB73440}.Release|Any CPU.Build.0 = Release|Any CPU
		{E6129B76-A12F-47B9-8E81-76C630F20C66}.Debug|Any CPU.ActiveCfg = Debug|Any CPU
		{E6129B76-A12F-47B9-8E81-76C630F20C66}.Debug|Any CPU.Build.0 = Debug|Any CPU
		{E6129B76-A12F-47B9-8E81-76C630F20C66}.Release|Any CPU.ActiveCfg = Release|Any CPU
		{E6129B76-A12F-47B9-8E81-76C630F20C66}.Release|Any CPU.Build.0 = Release|Any CPU
	EndGlobalSection
	GlobalSection(SolutionProperties) = preSolution
		HideSolutionNode = FALSE
	EndGlobalSection
	GlobalSection(ExtensibilityGlobals) = postSolution
		SolutionGuid = {F1FB307C-FF38-4E27-B0AE-75860918B4E0}
	EndGlobalSection
EndGlobal
